{
    "version": 3,
    "terraform_version": "0.11.5",
    "serial": 16,
    "lineage": "59b5f940-ca3b-9d70-d090-931a1a61cc07",
    "modules": [
        {
            "path": [
                "root"
            ],
            "outputs": {},
            "resources": {},
            "depends_on": []
        },
        {
            "path": [
                "root",
                "compute"
            ],
            "outputs": {},
            "resources": {
                "aws_instance.web": {
                    "type": "aws_instance",
                    "depends_on": [],
                    "primary": {
                        "id": "i-057b48e0de08261d1",
                        "attributes": {
                            "ami": "ami-0922553b7b0369273",
                            "arn": "arn:aws:ec2:us-east-1:491522414914:instance/i-057b48e0de08261d1",
                            "associate_public_ip_address": "true",
                            "availability_zone": "us-east-1b",
                            "cpu_core_count": "1",
                            "cpu_threads_per_core": "1",
                            "credit_specification.#": "1",
                            "credit_specification.0.cpu_credits": "standard",
                            "disable_api_termination": "false",
                            "ebs_block_device.#": "0",
                            "ebs_optimized": "false",
                            "ephemeral_block_device.#": "0",
                            "get_password_data": "false",
                            "iam_instance_profile": "",
                            "id": "i-057b48e0de08261d1",
                            "instance_state": "running",
                            "instance_type": "t2.micro",
                            "ipv6_addresses.#": "0",
                            "key_name": "vpc",
                            "monitoring": "false",
                            "network_interface.#": "0",
                            "network_interface_id": "eni-0092af32190ec6d34",
                            "password_data": "",
                            "placement_group": "",
                            "primary_network_interface_id": "eni-0092af32190ec6d34",
                            "private_dns": "ip-10-0-1-156.ec2.internal",
                            "private_ip": "10.0.1.156",
                            "public_dns": "",
                            "public_ip": "18.234.184.58",
                            "root_block_device.#": "1",
                            "root_block_device.0.delete_on_termination": "true",
                            "root_block_device.0.iops": "100",
                            "root_block_device.0.volume_id": "vol-0405a7a8a595cbcd8",
                            "root_block_device.0.volume_size": "8",
                            "root_block_device.0.volume_type": "gp2",
                            "security_groups.#": "0",
                            "source_dest_check": "true",
                            "subnet_id": "subnet-06c597688d2d50032",
                            "tags.%": "1",
                            "tags.Name": "dev-instance",
                            "tenancy": "default",
                            "volume_tags.%": "0",
                            "vpc_security_group_ids.#": "1",
                            "vpc_security_group_ids.3874351401": "sg-0e2e9ff5832da983f"
                        },
                        "meta": {
                            "e2bfb730-ecaa-11e6-8f88-34363bc7c4c0": {
                                "create": 600000000000,
                                "delete": 1200000000000,
                                "update": 600000000000
                            },
                            "schema_version": "1"
                        },
                        "tainted": false
                    },
                    "deposed": [],
                    "provider": "provider.aws"
                },
                "aws_key_pair.tf_auth": {
                    "type": "aws_key_pair",
                    "depends_on": [],
                    "primary": {
                        "id": "vpc",
                        "attributes": {
                            "fingerprint": "88:9b:9e:d1:29:e1:4f:ad:d4:df:da:5d:95:7f:f7:d2",
                            "id": "vpc",
                            "key_name": "vpc",
                            "public_key": "ssh-rsa AAAAB3NzaC1yc2EAAAADAQABAAABAQDKZY1+pbIJXAOoCqRERYPl4ENn/jpeibtQX1UB70/YhDbJ9NlpoHyiR2ojnJUn6giVAVsn8TGAVw3PsLFYagFMSWEuafuQd63gL6NDye6ucMft7XLcs+a3UL4pVj1IGT9aTZDByYSQQU7Na9SwLkmOFtn/LWPIzP8gYch5o3+m5um2KbwBKJgvC4nUXf0LKeFoul3lnai8+zBnjiYdx6aYKomJvILYwAQs7BtL6iujdqvVS5/9BHZg148k8suMHVlytaou1ddDw6lYwFZ+IsHBJmlzDgEz9FGueG+LVj0Q1a4AwZthKrxXlRZLZqDjt+oBI3Sc+0aPaFsLq4eG8Eub ec2-user@ip-172-31-3-119"
                        },
                        "meta": {
                            "schema_version": "1"
                        },
                        "tainted": false
                    },
                    "deposed": [],
                    "provider": "provider.aws"
                }
            },
            "depends_on": []
        },
        {
            "path": [
                "root",
                "networking"
            ],
            "outputs": {
                "sg": {
                    "sensitive": false,
                    "type": "string",
                    "value": "sg-0e2e9ff5832da983f"
                },
                "subnet": {
                    "sensitive": false,
                    "type": "string",
                    "value": "subnet-06c597688d2d50032"
                },
                "vpc": {
                    "sensitive": false,
                    "type": "string",
                    "value": "vpc-0234f7dcb6c41a319"
                }
            },
            "resources": {
                "aws_internet_gateway.gw": {
                    "type": "aws_internet_gateway",
                    "depends_on": [
                        "aws_vpc.dev_vpc"
                    ],
                    "primary": {
                        "id": "igw-02cd6e0aaa56f5ad3",
                        "attributes": {
                            "id": "igw-02cd6e0aaa56f5ad3",
                            "tags.%": "1",
                            "tags.Name": "dev-igw",
                            "vpc_id": "vpc-0234f7dcb6c41a319"
                        },
                        "meta": {},
                        "tainted": false
                    },
                    "deposed": [],
                    "provider": "provider.aws"
                },
                "aws_route_table.public-route": {
                    "type": "aws_route_table",
                    "depends_on": [
                        "aws_internet_gateway.gw",
                        "aws_vpc.dev_vpc"
                    ],
                    "primary": {
                        "id": "rtb-0723614b2981dc297",
                        "attributes": {
                            "id": "rtb-0723614b2981dc297",
                            "propagating_vgws.#": "0",
                            "route.#": "1",
                            "route.247229361.cidr_block": "0.0.0.0/0",
                            "route.247229361.egress_only_gateway_id": "",
                            "route.247229361.gateway_id": "igw-02cd6e0aaa56f5ad3",
                            "route.247229361.instance_id": "",
                            "route.247229361.ipv6_cidr_block": "",
                            "route.247229361.nat_gateway_id": "",
                            "route.247229361.network_interface_id": "",
                            "route.247229361.vpc_peering_connection_id": "",
                            "tags.%": "1",
                            "tags.Name": "public-route",
                            "vpc_id": "vpc-0234f7dcb6c41a319"
                        },
                        "meta": {},
                        "tainted": false
                    },
                    "deposed": [],
                    "provider": "provider.aws"
                },
                "aws_route_table_association.public-route": {
                    "type": "aws_route_table_association",
                    "depends_on": [
                        "aws_route_table.public-route",
                        "aws_subnet.public-subnet"
                    ],
                    "primary": {
                        "id": "rtbassoc-0f78ff95bb374fc5e",
                        "attributes": {
                            "id": "rtbassoc-0f78ff95bb374fc5e",
                            "route_table_id": "rtb-0723614b2981dc297",
                            "subnet_id": "subnet-06c597688d2d50032"
                        },
                        "meta": {},
                        "tainted": false
                    },
                    "deposed": [],
                    "provider": "provider.aws"
                },
                "aws_security_group.dev-sec": {
                    "type": "aws_security_group",
                    "depends_on": [
                        "aws_vpc.dev_vpc"
                    ],
                    "primary": {
                        "id": "sg-0e2e9ff5832da983f",
                        "attributes": {
                            "arn": "arn:aws:ec2:us-east-1:491522414914:security-group/sg-0e2e9ff5832da983f",
                            "description": "Allow all inbound traffic",
                            "egress.#": "1",
                            "egress.482069346.cidr_blocks.#": "1",
                            "egress.482069346.cidr_blocks.0": "0.0.0.0/0",
                            "egress.482069346.description": "",
                            "egress.482069346.from_port": "0",
                            "egress.482069346.ipv6_cidr_blocks.#": "0",
                            "egress.482069346.prefix_list_ids.#": "0",
                            "egress.482069346.protocol": "-1",
                            "egress.482069346.security_groups.#": "0",
                            "egress.482069346.self": "false",
                            "egress.482069346.to_port": "0",
                            "id": "sg-0e2e9ff5832da983f",
                            "ingress.#": "2",
                            "ingress.2214680975.cidr_blocks.#": "1",
                            "ingress.2214680975.cidr_blocks.0": "0.0.0.0/0",
                            "ingress.2214680975.description": "",
                            "ingress.2214680975.from_port": "80",
                            "ingress.2214680975.ipv6_cidr_blocks.#": "0",
                            "ingress.2214680975.prefix_list_ids.#": "0",
                            "ingress.2214680975.protocol": "tcp",
                            "ingress.2214680975.security_groups.#": "0",
                            "ingress.2214680975.self": "false",
                            "ingress.2214680975.to_port": "80",
                            "ingress.2541437006.cidr_blocks.#": "1",
                            "ingress.2541437006.cidr_blocks.0": "0.0.0.0/0",
                            "ingress.2541437006.description": "",
                            "ingress.2541437006.from_port": "22",
                            "ingress.2541437006.ipv6_cidr_blocks.#": "0",
                            "ingress.2541437006.prefix_list_ids.#": "0",
                            "ingress.2541437006.protocol": "tcp",
                            "ingress.2541437006.security_groups.#": "0",
                            "ingress.2541437006.self": "false",
                            "ingress.2541437006.to_port": "22",
                            "name": "dev-sec",
                            "owner_id": "491522414914",
                            "revoke_rules_on_delete": "false",
                            "tags.%": "0",
                            "vpc_id": "vpc-0234f7dcb6c41a319"
                        },
                        "meta": {
                            "e2bfb730-ecaa-11e6-8f88-34363bc7c4c0": {
                                "create": 600000000000,
                                "delete": 600000000000
                            },
                            "schema_version": "1"
                        },
                        "tainted": false
                    },
                    "deposed": [],
                    "provider": "provider.aws"
                },
                "aws_subnet.public-subnet": {
                    "type": "aws_subnet",
                    "depends_on": [
                        "aws_vpc.dev_vpc"
                    ],
                    "primary": {
                        "id": "subnet-06c597688d2d50032",
                        "attributes": {
                            "arn": "arn:aws:ec2:us-east-1:491522414914:subnet/subnet-06c597688d2d50032",
                            "assign_ipv6_address_on_creation": "false",
                            "availability_zone": "us-east-1b",
                            "cidr_block": "10.0.1.0/24",
                            "id": "subnet-06c597688d2d50032",
                            "map_public_ip_on_launch": "true",
                            "tags.%": "1",
                            "tags.Name": "public-cidr",
                            "vpc_id": "vpc-0234f7dcb6c41a319"
                        },
                        "meta": {
                            "e2bfb730-ecaa-11e6-8f88-34363bc7c4c0": {
                                "create": 600000000000,
                                "delete": 600000000000
                            },
                            "schema_version": "1"
                        },
                        "tainted": false
                    },
                    "deposed": [],
                    "provider": "provider.aws"
                },
                "aws_vpc.dev_vpc": {
                    "type": "aws_vpc",
                    "depends_on": [],
                    "primary": {
                        "id": "vpc-0234f7dcb6c41a319",
                        "attributes": {
                            "arn": "arn:aws:ec2:us-east-1:491522414914:vpc/vpc-0234f7dcb6c41a319",
                            "assign_generated_ipv6_cidr_block": "false",
                            "cidr_block": "10.0.0.0/16",
                            "default_network_acl_id": "acl-01b522986cc55a02a",
                            "default_route_table_id": "rtb-0bf564df7737f8125",
                            "default_security_group_id": "sg-05794a562e851e238",
                            "dhcp_options_id": "dopt-8e1d8af5",
                            "enable_classiclink": "false",
                            "enable_classiclink_dns_support": "false",
                            "enable_dns_hostnames": "false",
                            "enable_dns_support": "true",
                            "id": "vpc-0234f7dcb6c41a319",
                            "instance_tenancy": "default",
                            "main_route_table_id": "rtb-0bf564df7737f8125",
                            "tags.%": "1",
                            "tags.Name": "test_vpc"
                        },
                        "meta": {
                            "schema_version": "1"
                        },
                        "tainted": false
                    },
                    "deposed": [],
                    "provider": "provider.aws"
                },
                "data.aws_availability_zones.available": {
                    "type": "aws_availability_zones",
                    "depends_on": [],
                    "primary": {
                        "id": "2018-10-11 06:57:13.740116539 +0000 UTC",
                        "attributes": {
                            "id": "2018-10-11 06:57:13.740116539 +0000 UTC",
                            "names.#": "6",
                            "names.0": "us-east-1a",
                            "names.1": "us-east-1b",
                            "names.2": "us-east-1c",
                            "names.3": "us-east-1d",
                            "names.4": "us-east-1e",
                            "names.5": "us-east-1f"
                        },
                        "meta": {},
                        "tainted": false
                    },
                    "deposed": [],
                    "provider": "provider.aws"
                }
            },
            "depends_on": []
        }
    ]
}
