{
    "version": 3,
    "terraform_version": "0.11.5",
    "serial": 7,
    "lineage": "97ced027-0ca2-3052-f45b-1caa46271bf5",
    "modules": [
        {
            "path": [
                "root"
            ],
            "outputs": {},
            "resources": {},
            "depends_on": []
        },
        {
            "path": [
                "root",
                "compute"
            ],
            "outputs": {},
            "resources": {
                "aws_instance.web": {
                    "type": "aws_instance",
                    "depends_on": [
                        "aws_key_pair.dev-key"
                    ],
                    "primary": {
                        "id": "i-031817d832738e691",
                        "attributes": {
                            "ami": "ami-0e6d2e8684d4ccb3e",
                            "arn": "arn:aws:ec2:us-east-1:491522414914:instance/i-031817d832738e691",
                            "associate_public_ip_address": "true",
                            "availability_zone": "us-east-1e",
                            "cpu_core_count": "1",
                            "cpu_threads_per_core": "1",
                            "credit_specification.#": "1",
                            "credit_specification.0.cpu_credits": "standard",
                            "disable_api_termination": "false",
                            "ebs_block_device.#": "0",
                            "ebs_optimized": "false",
                            "ephemeral_block_device.#": "0",
                            "get_password_data": "false",
                            "iam_instance_profile": "",
                            "id": "i-031817d832738e691",
                            "instance_state": "running",
                            "instance_type": "t2.micro",
                            "ipv6_addresses.#": "0",
                            "key_name": "test",
                            "monitoring": "false",
                            "network_interface.#": "0",
                            "network_interface_id": "eni-00111a81effbf40cc",
                            "password_data": "",
                            "placement_group": "",
                            "primary_network_interface_id": "eni-00111a81effbf40cc",
                            "private_dns": "ip-10-0-1-64.ec2.internal",
                            "private_ip": "10.0.1.64",
                            "public_dns": "",
                            "public_ip": "34.224.62.96",
                            "root_block_device.#": "1",
                            "root_block_device.0.delete_on_termination": "true",
                            "root_block_device.0.iops": "100",
                            "root_block_device.0.volume_id": "vol-0486b3a30d450abed",
                            "root_block_device.0.volume_size": "8",
                            "root_block_device.0.volume_type": "gp2",
                            "security_groups.#": "0",
                            "source_dest_check": "true",
                            "subnet_id": "subnet-00e2933a79e64f7d9",
                            "tags.%": "1",
                            "tags.Name": "dev-instance",
                            "tenancy": "default",
                            "volume_tags.%": "0",
                            "vpc_security_group_ids.#": "1",
                            "vpc_security_group_ids.757923281": "sg-092ec64d13bf10c52"
                        },
                        "meta": {
                            "e2bfb730-ecaa-11e6-8f88-34363bc7c4c0": {
                                "create": 600000000000,
                                "delete": 1200000000000,
                                "update": 600000000000
                            },
                            "schema_version": "1"
                        },
                        "tainted": false
                    },
                    "deposed": [],
                    "provider": "provider.aws"
                },
                "aws_key_pair.dev-key": {
                    "type": "aws_key_pair",
                    "depends_on": [],
                    "primary": {
                        "id": "test",
                        "attributes": {
                            "fingerprint": "c8:67:ac:7c:45:aa:50:fb:97:c1:b2:fb:13:8b:91:86",
                            "id": "test",
                            "key_name": "test",
                            "public_key": "ssh-rsa AAAAB3NzaC1yc2EAAAADAQABAAABAQDXWENMRQy7ezTObL8PeNzNzFskM9xIWeuYq0a4RY8WLKrjSUuXarL3V87ogvHrCO7wcrK3eRw0KRA0prrAWrtufFSkSGrBtHOLOXcmYddNWXqnifZvGGjlnbs/S02zYSwZj/Kan3LfsJt/HZtaMI71iastIMKMc6qODgKK+LgGwGCrvy7uXmsrU2oJjYQLYYHBVHcvYqyxLLTDynU5VjSpdBFgYRXGDb8XFCkNFMx8PbntUIX5OohH2aFYPUjvUG5wwmxUEoT+1B8FRQipbCMcS7yxHa/+lQ9/BExWnuLWwiFYKN3vFmOpY+ZhNjFAJ7f3PDrycKrAihPom4/pq0Lp ec2-user@ip-10-0-0-119"
                        },
                        "meta": {
                            "schema_version": "1"
                        },
                        "tainted": false
                    },
                    "deposed": [],
                    "provider": "provider.aws"
                },
                "data.aws_ami_ids.ubuntu": {
                    "type": "aws_ami_ids",
                    "depends_on": [],
                    "primary": {
                        "id": "1596998940",
                        "attributes": {
                            "filter.#": "1",
                            "filter.2601221504.name": "name",
                            "filter.2601221504.values.#": "1",
                            "filter.2601221504.values.0": "ubuntu/images/ubuntu-*-*-amd64-server-*",
                            "id": "1596998940",
                            "ids.#": "428",
                            "ids.0": "ami-0584bcdcc2b2a82e9",
                            "ids.1": "ami-05aa2e4c0ebc62f62",
                            "ids.10": "ami-ea86d895",
                            "ids.100": "ami-0a0ff41c",
                            "ids.101": "ami-23c23935",
                            "ids.102": "ami-c1ab50d7",
                            "ids.103": "ami-80ff1296",
                            "ids.104": "ami-9d59b98b",
                            "ids.105": "ami-63e40475",
                            "ids.106": "ami-f1cb2ee7",
                            "ids.107": "ami-2d91743b",
                            "ids.108": "ami-0998821e",
                            "ids.109": "ami-bcd7c3ab",
                            "ids.11": "ami-30296e4f",
                            "ids.110": "ami-882e209f",
                            "ids.111": "ami-c2dfd0d5",
                            "ids.112": "ami-29323d3e",
                            "ids.113": "ami-cf3b3cd8",
                            "ids.114": "ami-f82126ef",
                            "ids.115": "ami-e05750f7",
                            "ids.116": "ami-df5c64c8",
                            "ids.117": "ami-60a89177",
                            "ids.118": "ami-af231ab8",
                            "ids.119": "ami-4ea08859",
                            "ids.12": "ami-4503993a",
                            "ids.120": "ami-49cbe65e",
                            "ids.121": "ami-e90825fe",
                            "ids.122": "ami-dddc8fca",
                            "ids.123": "ami-fcb5e6eb",
                            "ids.124": "ami-a66b38b1",
                            "ids.125": "ami-dc287bcb",
                            "ids.126": "ami-d37124c4",
                            "ids.127": "ami-37277220",
                            "ids.128": "ami-3794df20",
                            "ids.129": "ami-7b276c6c",
                            "ids.13": "ami-20cb515f",
                            "ids.130": "ami-d4e0a8c3",
                            "ids.131": "ami-a8a1e9bf",
                            "ids.132": "ami-fddda6ea",
                            "ids.133": "ami-c87109df",
                            "ids.134": "ami-de374ec9",
                            "ids.135": "ami-d48ff1c3",
                            "ids.136": "ami-be9ceba9",
                            "ids.137": "ami-3d006e2a",
                            "ids.138": "ami-c6fc93d1",
                            "ids.139": "ami-db2143cc",
                            "ids.14": "ami-a678f4d9",
                            "ids.140": "ami-f71883e0",
                            "ids.141": "ami-b266f9a5",
                            "ids.142": "ami-029c0315",
                            "ids.143": "ami-37dc4c20",
                            "ids.144": "ami-c1a72fd6",
                            "ids.145": "ami-dea12cc9",
                            "ids.146": "ami-59ce434e",
                            "ids.147": "ami-da41f8cd",
                            "ids.148": "ami-7738f61a",
                            "ids.149": "ami-841cd2e9",
                            "ids.15": "ami-1c6fe363",
                            "ids.150": "ami-5efa3433",
                            "ids.151": "ami-03d2116e",
                            "ids.152": "ami-77498c1a",
                            "ids.153": "ami-a8ad57c5",
                            "ids.154": "ami-2042b94d",
                            "ids.155": "ami-953ac6f8",
                            "ids.156": "ami-f709e29a",
                            "ids.157": "ami-e8ae4585",
                            "ids.158": "ami-7752ba1a",
                            "ids.159": "ami-6533db08",
                            "ids.16": "ami-d944fda6",
                            "ids.160": "ami-e5c72b88",
                            "ids.161": "ami-d2eb07bf",
                            "ids.162": "ami-948a66f9",
                            "ids.163": "ami-736b7219",
                            "ids.164": "ami-9c5046f6",
                            "ids.165": "ami-c8faeda2",
                            "ids.166": "ami-b6d0d1dc",
                            "ids.167": "ami-943130fe",
                            "ids.168": "ami-2c717046",
                            "ids.169": "ami-49fdc123",
                            "ids.17": "ami-2afc4855",
                            "ids.170": "ami-6e4f7d04",
                            "ids.171": "ami-c85163a2",
                            "ids.172": "ami-50bf8c3a",
                            "ids.173": "ami-0567566f",
                            "ids.174": "ami-a687b1cc",
                            "ids.175": "ami-38b68052",
                            "ids.176": "ami-990d24f3",
                            "ids.177": "ami-b73917dd",
                            "ids.178": "ami-f0ac839a",
                            "ids.179": "ami-91c5eafb",
                            "ids.18": "ami-13cf616e",
                            "ids.180": "ami-0c4f6f66",
                            "ids.181": "ami-5e6c4a34",
                            "ids.182": "ami-91ccebfb",
                            "ids.183": "ami-0383a669",
                            "ids.184": "ami-e6daff8c",
                            "ids.185": "ami-c3f1d4a9",
                            "ids.186": "ami-261f3a4c",
                            "ids.187": "ami-e3633d89",
                            "ids.188": "ami-13396779",
                            "ids.189": "ami-d9bde2b3",
                            "ids.19": "ami-078e217a",
                            "ids.190": "ami-1a7f2870",
                            "ids.191": "ami-a15700cb",
                            "ids.192": "ami-8d3f68e7",
                            "ids.193": "ami-de1c4bb4",
                            "ids.194": "ami-7a99cd10",
                            "ids.195": "ami-a46d39ce",
                            "ids.196": "ami-284a1e42",
                            "ids.197": "ami-127e3678",
                            "ids.198": "ami-42377b28",
                            "ids.199": "ami-a0aceeca",
                            "ids.2": "ami-02d717c0d90d1b980",
                            "ids.20": "ami-3f2bd042",
                            "ids.200": "ami-9c8fcdf6",
                            "ids.201": "ami-0a7a3f60",
                            "ids.202": "ami-0b1c5961",
                            "ids.203": "ami-ea014480",
                            "ids.204": "ami-75e19b1f",
                            "ids.205": "ami-976c13fd",
                            "ids.206": "ami-a7205fcd",
                            "ids.207": "ami-08bbcb62",
                            "ids.208": "ami-6580f60f",
                            "ids.209": "ami-add38ec8",
                            "ids.21": "ami-d08f71ad",
                            "ids.210": "ami-c94b16ac",
                            "ids.211": "ami-3b35675e",
                            "ids.212": "ami-11f9aa74",
                            "ids.213": "ami-01faae64",
                            "ids.214": "ami-13adf976",
                            "ids.215": "ami-cf2769aa",
                            "ids.216": "ami-77024d12",
                            "ids.217": "ami-171e5372",
                            "ids.218": "ami-0ddb9968",
                            "ids.219": "ami-6d195f08",
                            "ids.22": "ami-fb639786",
                            "ids.220": "ami-19d0977c",
                            "ids.221": "ami-bdcc89d8",
                            "ids.222": "ami-99a3e6fc",
                            "ids.223": "ami-c789f0a2",
                            "ids.224": "ami-d1ea83b4",
                            "ids.225": "ami-6d046a08",
                            "ids.226": "ami-6f93ff0a",
                            "ids.227": "ami-9d1690f6",
                            "ids.228": "ami-ef6cdc84",
                            "ids.229": "ami-9b7ccdf0",
                            "ids.23": "ami-0059bb7d",
                            "ids.230": "ami-43e45028",
                            "ids.231": "ami-6d1db706",
                            "ids.232": "ami-afee44c4",
                            "ids.233": "ami-bbef47d0",
                            "ids.234": "ami-41a20f2a",
                            "ids.235": "ami-eb11b680",
                            "ids.236": "ami-39419b52",
                            "ids.237": "ami-9f21fbf4",
                            "ids.238": "ami-ffc81394",
                            "ids.239": "ami-b5ea34de",
                            "ids.24": "ami-edbb5990",
                            "ids.240": "ami-514b973a",
                            "ids.241": "ami-c9aa76a2",
                            "ids.242": "ami-1f589674",
                            "ids.243": "ami-eb27e880",
                            "ids.244": "ami-8fed22e4",
                            "ids.245": "ami-9301c7f8",
                            "ids.246": "ami-2920df42",
                            "ids.247": "ami-dd5facb6",
                            "ids.248": "ami-9d20d3f6",
                            "ids.249": "ami-b9a553d2",
                            "ids.25": "ami-35575e4f",
                            "ids.250": "ami-7f0afe14",
                            "ids.251": "ami-a93dc9c2",
                            "ids.252": "ami-1305ef78",
                            "ids.253": "ami-3fa24854",
                            "ids.254": "ami-c51df2ae",
                            "ids.255": "ami-712fc21a",
                            "ids.256": "ami-87e404ec",
                            "ids.257": "ami-8d2fcee6",
                            "ids.258": "ami-5ebaa036",
                            "ids.259": "ami-e8bfac80",
                            "ids.26": "ami-7772720d",
                            "ids.260": "ami-aad5c6c2",
                            "ids.261": "ami-9c9781f4",
                            "ids.262": "ami-50ecf938",
                            "ids.263": "ami-32505e5a",
                            "ids.264": "ami-32c1c05a",
                            "ids.265": "ami-3234315a",
                            "ids.266": "ami-9a3901f2",
                            "ids.267": "ami-56d6ea3e",
                            "ids.268": "ami-a082b4c8",
                            "ids.269": "ami-a64c67ce",
                            "ids.27": "ami-42407c38",
                            "ids.270": "ami-fc99c294",
                            "ids.271": "ami-3e8ad556",
                            "ids.272": "ami-d6cf93be",
                            "ids.273": "ami-d2a5f8ba",
                            "ids.274": "ami-04d8916c",
                            "ids.275": "ami-aa1a58c2",
                            "ids.276": "ami-4c692a24",
                            "ids.277": "ami-06ade96e",
                            "ids.278": "ami-3662265e",
                            "ids.279": "ami-8e641fe6",
                            "ids.28": "ami-3aeed840",
                            "ids.280": "ami-76403e1e",
                            "ids.281": "ami-caff8ca2",
                            "ids.282": "ami-0cfd9964",
                            "ids.283": "ami-92f569fa",
                            "ids.284": "ami-a88c0bc0",
                            "ids.285": "ami-78813710",
                            "ids.286": "ami-d0ba0cb8",
                            "ids.287": "ami-ecda6c84",
                            "ids.288": "ami-58863230",
                            "ids.289": "ami-3296225a",
                            "ids.29": "ami-e420169e",
                            "ids.290": "ami-12c2767a",
                            "ids.291": "ami-7449fc1c",
                            "ids.292": "ami-ae62d7c6",
                            "ids.293": "ami-fa823792",
                            "ids.294": "ami-7ede7416",
                            "ids.295": "ami-22ed474a",
                            "ids.296": "ami-e002a788",
                            "ids.297": "ami-c43491ac",
                            "ids.298": "ami-9ac11df2",
                            "ids.299": "ami-7c5c8e14",
                            "ids.3": "ami-01f92711f73424aa2",
                            "ids.30": "ami-38d68e42",
                            "ids.300": "ami-4287562a",
                            "ids.301": "ami-e411d98c",
                            "ids.302": "ami-b66ca0de",
                            "ids.303": "ami-a65393ce",
                            "ids.304": "ami-5469ae3c",
                            "ids.305": "ami-de20d3b6",
                            "ids.306": "ami-c0fd0ea8",
                            "ids.307": "ami-30837058",
                            "ids.308": "ami-d8ae5db0",
                            "ids.309": "ami-9ccd3cf4",
                            "ids.31": "ami-930e56e9",
                            "ids.310": "ami-5243b73a",
                            "ids.311": "ami-5c33c734",
                            "ids.312": "ami-3adb2f52",
                            "ids.313": "ami-24d2314c",
                            "ids.314": "ami-36aa4d5e",
                            "ids.315": "ami-162fcb7e",
                            "ids.316": "ami-7fe7fe16",
                            "ids.317": "ami-0d273b64",
                            "ids.318": "ami-c5100cac",
                            "ids.319": "ami-2f8f9246",
                            "ids.32": "ami-d6c5b0ac",
                            "ids.320": "ami-87bcbeee",
                            "ids.321": "ami-6f969506",
                            "ids.322": "ami-372d2e5e",
                            "ids.323": "ami-89181be0",
                            "ids.324": "ami-c9d7d1a0",
                            "ids.325": "ami-e300048a",
                            "ids.326": "ami-11dfda78",
                            "ids.327": "ami-61c7fe08",
                            "ids.328": "ami-ddcff6b4",
                            "ids.329": "ami-83e2dcea",
                            "ids.33": "ami-dfd2a7a5",
                            "ids.330": "ami-f34a749a",
                            "ids.331": "ami-e55a648c",
                            "ids.332": "ami-3d2b1454",
                            "ids.333": "ami-9f3906f6",
                            "ids.334": "ami-99a39ef0",
                            "ids.335": "ami-b7c2f0de",
                            "ids.336": "ami-051b296c",
                            "ids.337": "ami-5513213c",
                            "ids.338": "ami-41c7f628",
                            "ids.339": "ami-1d132274",
                            "ids.34": "ami-991e75e3",
                            "ids.340": "ami-c36455aa",
                            "ids.341": "ami-737d4c1a",
                            "ids.342": "ami-8f311fe6",
                            "ids.343": "ami-0d7b5564",
                            "ids.344": "ami-977d52fe",
                            "ids.345": "ami-bd6d40d4",
                            "ids.346": "ami-0b97b562",
                            "ids.347": "ami-43f5d72a",
                            "ids.348": "ami-955b79fc",
                            "ids.349": "ami-cbb593a2",
                            "ids.35": "ami-d5f26daf",
                            "ids.350": "ami-5d143034",
                            "ids.351": "ami-95ac89fc",
                            "ids.352": "ami-c5d8fdac",
                            "ids.353": "ami-551d383c",
                            "ids.354": "ami-a30b2eca",
                            "ids.355": "ami-5ffaa636",
                            "ids.356": "ami-69b6ea00",
                            "ids.357": "ami-3d257954",
                            "ids.358": "ami-271a484e",
                            "ids.359": "ami-b15706d8",
                            "ids.36": "ami-2c33bb56",
                            "ids.360": "ami-ad3660c4",
                            "ids.361": "ami-a9cf9bc0",
                            "ids.362": "ami-d582d6bc",
                            "ids.363": "ami-fbb2fc92",
                            "ids.364": "ami-83bcf2ea",
                            "ids.365": "ami-81723ce8",
                            "ids.366": "ami-e1357b88",
                            "ids.367": "ami-2f115c46",
                            "ids.368": "ami-a73371ce",
                            "ids.369": "ami-4d5b1824",
                            "ids.37": "ami-1ca82a66",
                            "ids.370": "ami-87fabaee",
                            "ids.371": "ami-e4770b8d",
                            "ids.372": "ami-90374bf9",
                            "ids.373": "ami-1ab3ce73",
                            "ids.374": "ami-d9d6a6b0",
                            "ids.375": "ami-5323523a",
                            "ids.376": "ami-3fd7a156",
                            "ids.377": "ami-9597e1fc",
                            "ids.378": "ami-41047328",
                            "ids.379": "ami-cf5e2ba6",
                            "ids.38": "ami-c1a426bb",
                            "ids.380": "ami-c90277a0",
                            "ids.381": "ami-5dd0ba34",
                            "ids.382": "ami-ed86ed84",
                            "ids.383": "ami-77513a1e",
                            "ids.384": "ami-a9167dc0",
                            "ids.385": "ami-91c5abf8",
                            "ids.386": "ami-09244a60",
                            "ids.387": "ami-096d0060",
                            "ids.388": "ami-c8ccaca1",
                            "ids.389": "ami-2efa9d47",
                            "ids.39": "ami-59800223",
                            "ids.390": "ami-e2861d8b",
                            "ids.391": "ami-cc811ea5",
                            "ids.392": "ami-b6089bdf",
                            "ids.393": "ami-b8d147d1",
                            "ids.394": "ami-7747d01e",
                            "ids.395": "ami-975ec9fe",
                            "ids.396": "ami-57bd2a3e",
                            "ids.397": "ami-43e2772a",
                            "ids.398": "ami-bffa6fd6",
                            "ids.399": "ami-13cc457a",
                            "ids.4": "ami-04397a362225608f3",
                            "ids.40": "ami-0a0ba370",
                            "ids.400": "ami-9b3db0f2",
                            "ids.401": "ami-d726abbe",
                            "ids.402": "ami-1cb30875",
                            "ids.403": "ami-9a873ff3",
                            "ids.404": "ami-e864da81",
                            "ids.405": "ami-3c229e55",
                            "ids.406": "ami-834cf1ea",
                            "ids.407": "ami-35c0725c",
                            "ids.408": "ami-1db20274",
                            "ids.409": "ami-097ace60",
                            "ids.41": "ami-8ecf61f4",
                            "ids.410": "ami-6d3f9704",
                            "ids.411": "ami-3fe54d56",
                            "ids.412": "ami-2b9e3742",
                            "ids.413": "ami-df9c35b6",
                            "ids.414": "ami-eafa5883",
                            "ids.415": "ami-3c994355",
                            "ids.416": "ami-098f5760",
                            "ids.417": "ami-a538e1cc",
                            "ids.418": "ami-35c31a5c",
                            "ids.419": "ami-8fac75e6",
                            "ids.42": "ami-0d1bba77",
                            "ids.420": "ami-8baa73e2",
                            "ids.421": "ami-2212ce4b",
                            "ids.422": "ami-4c16ca25",
                            "ids.423": "ami-c2ba68ab",
                            "ids.424": "ami-5c9b4935",
                            "ids.425": "ami-35de095c",
                            "ids.426": "ami-4fa37426",
                            "ids.427": "ami-c162a9a8",
                            "ids.43": "ami-af13b2d5",
                            "ids.44": "ami-81ee24fb",
                            "ids.45": "ami-2aed2750",
                            "ids.46": "ami-bbef21c1",
                            "ids.47": "ami-3f807145",
                            "ids.48": "ami-8faf47f5",
                            "ids.49": "ami-85b559ff",
                            "ids.5": "ami-ef140f90",
                            "ids.50": "ami-059c8d7e",
                            "ids.51": "ami-7f162204",
                            "ids.52": "ami-5a251121",
                            "ids.53": "ami-658cb91e",
                            "ids.54": "ami-9abd92e1",
                            "ids.55": "ami-3a2e0c41",
                            "ids.56": "ami-a1a685da",
                            "ids.57": "ami-1bf9d860",
                            "ids.58": "ami-06f9a77d",
                            "ids.59": "ami-91104cea",
                            "ids.6": "ami-fb171f84",
                            "ids.60": "ami-5b3f6c20",
                            "ids.61": "ami-076a7a11",
                            "ids.62": "ami-6b3a2c7d",
                            "ids.63": "ami-0e350818",
                            "ids.64": "ami-9b3d128d",
                            "ids.65": "ami-f73e11e1",
                            "ids.66": "ami-593f104f",
                            "ids.67": "ami-b8230cae",
                            "ids.68": "ami-afdffeb9",
                            "ids.69": "ami-8a30169c",
                            "ids.7": "ami-91050aee",
                            "ids.70": "ami-972c0a81",
                            "ids.71": "ami-57067e41",
                            "ids.72": "ami-17512801",
                            "ids.73": "ami-bf7915a9",
                            "ids.74": "ami-ad99febb",
                            "ids.75": "ami-65d74c73",
                            "ids.76": "ami-d563f3c3",
                            "ids.77": "ami-1354c005",
                            "ids.78": "ami-7cb0246a",
                            "ids.79": "ami-dc35beca",
                            "ids.8": "ami-53b5962c",
                            "ids.80": "ami-4579fa53",
                            "ids.81": "ami-3de0652b",
                            "ids.82": "ami-291da73f",
                            "ids.83": "ami-34cc7622",
                            "ids.84": "ami-84da6092",
                            "ids.85": "ami-a5fc46b3",
                            "ids.86": "ami-fda31beb",
                            "ids.87": "ami-d542e3c3",
                            "ids.88": "ami-dc40e1ca",
                            "ids.89": "ami-21882937",
                            "ids.9": "ami-f4e4bd8b",
                            "ids.90": "ami-06c36210",
                            "ids.91": "ami-8a8b519c",
                            "ids.92": "ami-b6449ca0",
                            "ids.93": "ami-98a2708e",
                            "ids.94": "ami-e039e8f6",
                            "ids.95": "ami-f70adbe1",
                            "ids.96": "ami-7ae1306c",
                            "ids.97": "ami-d2d504c4",
                            "ids.98": "ami-28588f3e",
                            "ids.99": "ami-9ef32488",
                            "owners.#": "1",
                            "owners.0": "099720109477",
                            "sort_ascending": "false"
                        },
                        "meta": {},
                        "tainted": false
                    },
                    "deposed": [],
                    "provider": "provider.aws"
                }
            },
            "depends_on": []
        },
        {
            "path": [
                "root",
                "networking"
            ],
            "outputs": {
                "sg": {
                    "sensitive": false,
                    "type": "string",
                    "value": "sg-092ec64d13bf10c52"
                },
                "subnet": {
                    "sensitive": false,
                    "type": "string",
                    "value": "subnet-00e2933a79e64f7d9"
                },
                "vpc": {
                    "sensitive": false,
                    "type": "string",
                    "value": "vpc-0ab19e9f0db2b52c7"
                }
            },
            "resources": {
                "aws_internet_gateway.gw": {
                    "type": "aws_internet_gateway",
                    "depends_on": [
                        "aws_vpc.dev_vpc"
                    ],
                    "primary": {
                        "id": "igw-059ee83eacb55c7ed",
                        "attributes": {
                            "id": "igw-059ee83eacb55c7ed",
                            "tags.%": "1",
                            "tags.Name": "dev-igw",
                            "vpc_id": "vpc-0ab19e9f0db2b52c7"
                        },
                        "meta": {},
                        "tainted": false
                    },
                    "deposed": [],
                    "provider": "provider.aws"
                },
                "aws_route_table.public-route": {
                    "type": "aws_route_table",
                    "depends_on": [
                        "aws_internet_gateway.gw",
                        "aws_vpc.dev_vpc"
                    ],
                    "primary": {
                        "id": "rtb-08dd74331168279c1",
                        "attributes": {
                            "id": "rtb-08dd74331168279c1",
                            "propagating_vgws.#": "0",
                            "route.#": "1",
                            "route.4056684991.cidr_block": "0.0.0.0/0",
                            "route.4056684991.egress_only_gateway_id": "",
                            "route.4056684991.gateway_id": "igw-059ee83eacb55c7ed",
                            "route.4056684991.instance_id": "",
                            "route.4056684991.ipv6_cidr_block": "",
                            "route.4056684991.nat_gateway_id": "",
                            "route.4056684991.network_interface_id": "",
                            "route.4056684991.vpc_peering_connection_id": "",
                            "tags.%": "1",
                            "tags.Name": "public-route",
                            "vpc_id": "vpc-0ab19e9f0db2b52c7"
                        },
                        "meta": {},
                        "tainted": false
                    },
                    "deposed": [],
                    "provider": "provider.aws"
                },
                "aws_route_table_association.public-route": {
                    "type": "aws_route_table_association",
                    "depends_on": [
                        "aws_route_table.public-route",
                        "aws_subnet.public-subnet"
                    ],
                    "primary": {
                        "id": "rtbassoc-0cf179992bed9cf17",
                        "attributes": {
                            "id": "rtbassoc-0cf179992bed9cf17",
                            "route_table_id": "rtb-08dd74331168279c1",
                            "subnet_id": "subnet-00e2933a79e64f7d9"
                        },
                        "meta": {},
                        "tainted": false
                    },
                    "deposed": [],
                    "provider": "provider.aws"
                },
                "aws_security_group.dev-sec": {
                    "type": "aws_security_group",
                    "depends_on": [
                        "aws_vpc.dev_vpc"
                    ],
                    "primary": {
                        "id": "sg-092ec64d13bf10c52",
                        "attributes": {
                            "arn": "arn:aws:ec2:us-east-1:491522414914:security-group/sg-092ec64d13bf10c52",
                            "description": "Allow all inbound traffic",
                            "egress.#": "1",
                            "egress.482069346.cidr_blocks.#": "1",
                            "egress.482069346.cidr_blocks.0": "0.0.0.0/0",
                            "egress.482069346.description": "",
                            "egress.482069346.from_port": "0",
                            "egress.482069346.ipv6_cidr_blocks.#": "0",
                            "egress.482069346.prefix_list_ids.#": "0",
                            "egress.482069346.protocol": "-1",
                            "egress.482069346.security_groups.#": "0",
                            "egress.482069346.self": "false",
                            "egress.482069346.to_port": "0",
                            "id": "sg-092ec64d13bf10c52",
                            "ingress.#": "2",
                            "ingress.2214680975.cidr_blocks.#": "1",
                            "ingress.2214680975.cidr_blocks.0": "0.0.0.0/0",
                            "ingress.2214680975.description": "",
                            "ingress.2214680975.from_port": "80",
                            "ingress.2214680975.ipv6_cidr_blocks.#": "0",
                            "ingress.2214680975.prefix_list_ids.#": "0",
                            "ingress.2214680975.protocol": "tcp",
                            "ingress.2214680975.security_groups.#": "0",
                            "ingress.2214680975.self": "false",
                            "ingress.2214680975.to_port": "80",
                            "ingress.2541437006.cidr_blocks.#": "1",
                            "ingress.2541437006.cidr_blocks.0": "0.0.0.0/0",
                            "ingress.2541437006.description": "",
                            "ingress.2541437006.from_port": "22",
                            "ingress.2541437006.ipv6_cidr_blocks.#": "0",
                            "ingress.2541437006.prefix_list_ids.#": "0",
                            "ingress.2541437006.protocol": "tcp",
                            "ingress.2541437006.security_groups.#": "0",
                            "ingress.2541437006.self": "false",
                            "ingress.2541437006.to_port": "22",
                            "name": "dev-sec",
                            "owner_id": "491522414914",
                            "revoke_rules_on_delete": "false",
                            "tags.%": "0",
                            "vpc_id": "vpc-0ab19e9f0db2b52c7"
                        },
                        "meta": {
                            "e2bfb730-ecaa-11e6-8f88-34363bc7c4c0": {
                                "create": 600000000000,
                                "delete": 600000000000
                            },
                            "schema_version": "1"
                        },
                        "tainted": false
                    },
                    "deposed": [],
                    "provider": "provider.aws"
                },
                "aws_subnet.public-subnet": {
                    "type": "aws_subnet",
                    "depends_on": [
                        "aws_vpc.dev_vpc"
                    ],
                    "primary": {
                        "id": "subnet-00e2933a79e64f7d9",
                        "attributes": {
                            "arn": "arn:aws:ec2:us-east-1:491522414914:subnet/subnet-00e2933a79e64f7d9",
                            "assign_ipv6_address_on_creation": "false",
                            "availability_zone": "us-east-1e",
                            "cidr_block": "10.0.1.0/24",
                            "id": "subnet-00e2933a79e64f7d9",
                            "map_public_ip_on_launch": "true",
                            "tags.%": "1",
                            "tags.Name": "public-cidr",
                            "vpc_id": "vpc-0ab19e9f0db2b52c7"
                        },
                        "meta": {
                            "e2bfb730-ecaa-11e6-8f88-34363bc7c4c0": {
                                "create": 600000000000,
                                "delete": 600000000000
                            },
                            "schema_version": "1"
                        },
                        "tainted": false
                    },
                    "deposed": [],
                    "provider": "provider.aws"
                },
                "aws_vpc.dev_vpc": {
                    "type": "aws_vpc",
                    "depends_on": [],
                    "primary": {
                        "id": "vpc-0ab19e9f0db2b52c7",
                        "attributes": {
                            "arn": "arn:aws:ec2:us-east-1:491522414914:vpc/vpc-0ab19e9f0db2b52c7",
                            "assign_generated_ipv6_cidr_block": "false",
                            "cidr_block": "10.0.0.0/16",
                            "default_network_acl_id": "acl-0ad056815be4024fa",
                            "default_route_table_id": "rtb-063308b74010e0ec4",
                            "default_security_group_id": "sg-062a5db881ecca8b1",
                            "dhcp_options_id": "dopt-8e1d8af5",
                            "enable_classiclink": "false",
                            "enable_classiclink_dns_support": "false",
                            "enable_dns_hostnames": "false",
                            "enable_dns_support": "true",
                            "id": "vpc-0ab19e9f0db2b52c7",
                            "instance_tenancy": "default",
                            "main_route_table_id": "rtb-063308b74010e0ec4",
                            "tags.%": "1",
                            "tags.Name": "dev_vpc"
                        },
                        "meta": {
                            "schema_version": "1"
                        },
                        "tainted": false
                    },
                    "deposed": [],
                    "provider": "provider.aws"
                },
                "data.aws_availability_zones.available": {
                    "type": "aws_availability_zones",
                    "depends_on": [],
                    "primary": {
                        "id": "2018-10-09 13:20:14.728136756 +0000 UTC",
                        "attributes": {
                            "id": "2018-10-09 13:20:14.728136756 +0000 UTC",
                            "names.#": "6",
                            "names.0": "us-east-1a",
                            "names.1": "us-east-1b",
                            "names.2": "us-east-1c",
                            "names.3": "us-east-1d",
                            "names.4": "us-east-1e",
                            "names.5": "us-east-1f"
                        },
                        "meta": {},
                        "tainted": false
                    },
                    "deposed": [],
                    "provider": "provider.aws"
                }
            },
            "depends_on": []
        }
    ]
}
