{
    "version": 3,
    "terraform_version": "0.11.5",
    "serial": 19,
    "lineage": "f8e22a01-98e2-1550-fcef-2cd62605cf84",
    "modules": [
        {
            "path": [
                "root"
            ],
            "outputs": {},
            "resources": {},
            "depends_on": []
        },
        {
            "path": [
                "root",
                "compute"
            ],
            "outputs": {},
            "resources": {
                "aws_instance.web": {
                    "type": "aws_instance",
                    "depends_on": [],
                    "primary": {
                        "id": "i-0e62d9752eb61e7f2",
                        "attributes": {
                            "ami": "ami-0922553b7b0369273",
                            "arn": "arn:aws:ec2:us-east-1:491522414914:instance/i-0e62d9752eb61e7f2",
                            "associate_public_ip_address": "true",
                            "availability_zone": "us-east-1c",
                            "cpu_core_count": "1",
                            "cpu_threads_per_core": "1",
                            "credit_specification.#": "1",
                            "credit_specification.0.cpu_credits": "standard",
                            "disable_api_termination": "false",
                            "ebs_block_device.#": "0",
                            "ebs_optimized": "false",
                            "ephemeral_block_device.#": "0",
                            "get_password_data": "false",
                            "iam_instance_profile": "",
                            "id": "i-0e62d9752eb61e7f2",
                            "instance_state": "running",
                            "instance_type": "t2.micro",
                            "ipv6_addresses.#": "0",
                            "key_name": "terraansi",
                            "monitoring": "false",
                            "network_interface.#": "0",
                            "network_interface_id": "eni-09e56c5a99793e3ba",
                            "password_data": "",
                            "placement_group": "",
                            "primary_network_interface_id": "eni-09e56c5a99793e3ba",
                            "private_dns": "ip-10-0-1-116.ec2.internal",
                            "private_ip": "10.0.1.116",
                            "public_dns": "",
                            "public_ip": "174.129.137.16",
                            "root_block_device.#": "1",
                            "root_block_device.0.delete_on_termination": "true",
                            "root_block_device.0.iops": "100",
                            "root_block_device.0.volume_id": "vol-04f183e657e427c47",
                            "root_block_device.0.volume_size": "8",
                            "root_block_device.0.volume_type": "gp2",
                            "security_groups.#": "0",
                            "source_dest_check": "true",
                            "subnet_id": "subnet-0dd4209f76e9d772b",
                            "tags.%": "1",
                            "tags.Name": "dev-instance",
                            "tenancy": "default",
                            "user_data": "7fa8b546a47f59348296a68aa46fab9dcc0dbcd0",
                            "volume_tags.%": "0",
                            "vpc_security_group_ids.#": "1",
                            "vpc_security_group_ids.3527576429": "sg-0c9c61f7edf12584b"
                        },
                        "meta": {
                            "e2bfb730-ecaa-11e6-8f88-34363bc7c4c0": {
                                "create": 600000000000,
                                "delete": 1200000000000,
                                "update": 600000000000
                            },
                            "schema_version": "1"
                        },
                        "tainted": false
                    },
                    "deposed": [],
                    "provider": "provider.aws"
                },
                "aws_key_pair.tf_auth": {
                    "type": "aws_key_pair",
                    "depends_on": [],
                    "primary": {
                        "id": "terraansi",
                        "attributes": {
                            "fingerprint": "b6:6a:10:91:05:6d:f0:13:84:71:fe:7b:7f:d5:b3:59",
                            "id": "terraansi",
                            "key_name": "terraansi",
                            "public_key": "ssh-rsa AAAAB3NzaC1yc2EAAAADAQABAAABAQDCI/745LBpBhekgP/Ib0wl8Ky8lh3hYKoWFxWCKkjUuUyduyQ2mrYwDsIUA7VM8qMftXTRA1jmhx0norbNaOV4NBmyIhefBK2zeK4UUMwZphp5qDG4KkeK49KJhDl3hK+kPRtRK7wVq12QgOdSK2m63Z2FLXEhEonfqvbO2QupNch2mfK9pzK0ZrBTTSrqaftC9uPVX+OGg0Ntk07OVT2wfk4pJ5uG2tyd6Mr5mKbUzUzk6EQ4VE4SxKfwTdtNmPKJ3y8VbtPwAXiwA2yzjfmAIASj/bKlID7iDa6zNiXckTfCYHTC6K4zbVILr7W1HP7yb4sv09blNJpGuZwgcAwD ec2-user@ip-172-31-10-22"
                        },
                        "meta": {
                            "schema_version": "1"
                        },
                        "tainted": false
                    },
                    "deposed": [],
                    "provider": "provider.aws"
                },
                "data.template_file.user_data": {
                    "type": "template_file",
                    "depends_on": [],
                    "primary": {
                        "id": "856afaaf6d844281966a71e1a30f50fd90b4be3d7eebece9f6a979b1b49328e2",
                        "attributes": {
                            "id": "856afaaf6d844281966a71e1a30f50fd90b4be3d7eebece9f6a979b1b49328e2",
                            "rendered": "#!/bin/bash\nyum update \nyum install wget\ncd /tmp\nwget https://packages.chef.io/files/stable/chef/14.5.33/el/7/chef-14.5.33-1.el7.x86_64.rpm",
                            "template": "#!/bin/bash\nyum update \nyum install wget\ncd /tmp\nwget https://packages.chef.io/files/stable/chef/14.5.33/el/7/chef-14.5.33-1.el7.x86_64.rpm"
                        },
                        "meta": {},
                        "tainted": false
                    },
                    "deposed": [],
                    "provider": "provider.template"
                }
            },
            "depends_on": []
        },
        {
            "path": [
                "root",
                "networking"
            ],
            "outputs": {
                "sg": {
                    "sensitive": false,
                    "type": "string",
                    "value": "sg-0c9c61f7edf12584b"
                },
                "subnet": {
                    "sensitive": false,
                    "type": "string",
                    "value": "subnet-0dd4209f76e9d772b"
                },
                "vpc": {
                    "sensitive": false,
                    "type": "string",
                    "value": "vpc-0cb299a67fa703724"
                }
            },
            "resources": {
                "aws_internet_gateway.gw": {
                    "type": "aws_internet_gateway",
                    "depends_on": [
                        "aws_vpc.dev_vpc"
                    ],
                    "primary": {
                        "id": "igw-04f82b979f32c5811",
                        "attributes": {
                            "id": "igw-04f82b979f32c5811",
                            "tags.%": "1",
                            "tags.Name": "dev-igw",
                            "vpc_id": "vpc-0cb299a67fa703724"
                        },
                        "meta": {},
                        "tainted": false
                    },
                    "deposed": [],
                    "provider": "provider.aws"
                },
                "aws_route_table.public-route": {
                    "type": "aws_route_table",
                    "depends_on": [
                        "aws_internet_gateway.gw",
                        "aws_vpc.dev_vpc"
                    ],
                    "primary": {
                        "id": "rtb-0c959ba4b23f11b2d",
                        "attributes": {
                            "id": "rtb-0c959ba4b23f11b2d",
                            "propagating_vgws.#": "0",
                            "route.#": "1",
                            "route.2812244772.cidr_block": "0.0.0.0/0",
                            "route.2812244772.egress_only_gateway_id": "",
                            "route.2812244772.gateway_id": "igw-04f82b979f32c5811",
                            "route.2812244772.instance_id": "",
                            "route.2812244772.ipv6_cidr_block": "",
                            "route.2812244772.nat_gateway_id": "",
                            "route.2812244772.network_interface_id": "",
                            "route.2812244772.vpc_peering_connection_id": "",
                            "tags.%": "1",
                            "tags.Name": "public-route",
                            "vpc_id": "vpc-0cb299a67fa703724"
                        },
                        "meta": {},
                        "tainted": false
                    },
                    "deposed": [],
                    "provider": "provider.aws"
                },
                "aws_route_table_association.public-route": {
                    "type": "aws_route_table_association",
                    "depends_on": [
                        "aws_route_table.public-route",
                        "aws_subnet.public-subnet"
                    ],
                    "primary": {
                        "id": "rtbassoc-032b38002ae5e5587",
                        "attributes": {
                            "id": "rtbassoc-032b38002ae5e5587",
                            "route_table_id": "rtb-0c959ba4b23f11b2d",
                            "subnet_id": "subnet-0dd4209f76e9d772b"
                        },
                        "meta": {},
                        "tainted": false
                    },
                    "deposed": [],
                    "provider": "provider.aws"
                },
                "aws_security_group.dev-sec": {
                    "type": "aws_security_group",
                    "depends_on": [
                        "aws_vpc.dev_vpc"
                    ],
                    "primary": {
                        "id": "sg-0c9c61f7edf12584b",
                        "attributes": {
                            "arn": "arn:aws:ec2:us-east-1:491522414914:security-group/sg-0c9c61f7edf12584b",
                            "description": "Allow all inbound traffic",
                            "egress.#": "1",
                            "egress.482069346.cidr_blocks.#": "1",
                            "egress.482069346.cidr_blocks.0": "0.0.0.0/0",
                            "egress.482069346.description": "",
                            "egress.482069346.from_port": "0",
                            "egress.482069346.ipv6_cidr_blocks.#": "0",
                            "egress.482069346.prefix_list_ids.#": "0",
                            "egress.482069346.protocol": "-1",
                            "egress.482069346.security_groups.#": "0",
                            "egress.482069346.self": "false",
                            "egress.482069346.to_port": "0",
                            "id": "sg-0c9c61f7edf12584b",
                            "ingress.#": "2",
                            "ingress.2214680975.cidr_blocks.#": "1",
                            "ingress.2214680975.cidr_blocks.0": "0.0.0.0/0",
                            "ingress.2214680975.description": "",
                            "ingress.2214680975.from_port": "80",
                            "ingress.2214680975.ipv6_cidr_blocks.#": "0",
                            "ingress.2214680975.prefix_list_ids.#": "0",
                            "ingress.2214680975.protocol": "tcp",
                            "ingress.2214680975.security_groups.#": "0",
                            "ingress.2214680975.self": "false",
                            "ingress.2214680975.to_port": "80",
                            "ingress.2541437006.cidr_blocks.#": "1",
                            "ingress.2541437006.cidr_blocks.0": "0.0.0.0/0",
                            "ingress.2541437006.description": "",
                            "ingress.2541437006.from_port": "22",
                            "ingress.2541437006.ipv6_cidr_blocks.#": "0",
                            "ingress.2541437006.prefix_list_ids.#": "0",
                            "ingress.2541437006.protocol": "tcp",
                            "ingress.2541437006.security_groups.#": "0",
                            "ingress.2541437006.self": "false",
                            "ingress.2541437006.to_port": "22",
                            "name": "dev-sec",
                            "owner_id": "491522414914",
                            "revoke_rules_on_delete": "false",
                            "tags.%": "0",
                            "vpc_id": "vpc-0cb299a67fa703724"
                        },
                        "meta": {
                            "e2bfb730-ecaa-11e6-8f88-34363bc7c4c0": {
                                "create": 600000000000,
                                "delete": 600000000000
                            },
                            "schema_version": "1"
                        },
                        "tainted": false
                    },
                    "deposed": [],
                    "provider": "provider.aws"
                },
                "aws_subnet.public-subnet": {
                    "type": "aws_subnet",
                    "depends_on": [
                        "aws_vpc.dev_vpc"
                    ],
                    "primary": {
                        "id": "subnet-0dd4209f76e9d772b",
                        "attributes": {
                            "arn": "arn:aws:ec2:us-east-1:491522414914:subnet/subnet-0dd4209f76e9d772b",
                            "assign_ipv6_address_on_creation": "false",
                            "availability_zone": "us-east-1c",
                            "cidr_block": "10.0.1.0/24",
                            "id": "subnet-0dd4209f76e9d772b",
                            "map_public_ip_on_launch": "true",
                            "tags.%": "1",
                            "tags.Name": "public-cidr",
                            "vpc_id": "vpc-0cb299a67fa703724"
                        },
                        "meta": {
                            "e2bfb730-ecaa-11e6-8f88-34363bc7c4c0": {
                                "create": 600000000000,
                                "delete": 600000000000
                            },
                            "schema_version": "1"
                        },
                        "tainted": false
                    },
                    "deposed": [],
                    "provider": "provider.aws"
                },
                "aws_vpc.dev_vpc": {
                    "type": "aws_vpc",
                    "depends_on": [],
                    "primary": {
                        "id": "vpc-0cb299a67fa703724",
                        "attributes": {
                            "arn": "arn:aws:ec2:us-east-1:491522414914:vpc/vpc-0cb299a67fa703724",
                            "assign_generated_ipv6_cidr_block": "false",
                            "cidr_block": "10.0.0.0/16",
                            "default_network_acl_id": "acl-0dc0d62cd2598c219",
                            "default_route_table_id": "rtb-0e2653991c2cdbb89",
                            "default_security_group_id": "sg-06a4bed65a51121b9",
                            "dhcp_options_id": "dopt-8e1d8af5",
                            "enable_classiclink": "false",
                            "enable_classiclink_dns_support": "false",
                            "enable_dns_hostnames": "false",
                            "enable_dns_support": "true",
                            "id": "vpc-0cb299a67fa703724",
                            "instance_tenancy": "default",
                            "main_route_table_id": "rtb-0e2653991c2cdbb89",
                            "tags.%": "1",
                            "tags.Name": "test_vpc"
                        },
                        "meta": {
                            "schema_version": "1"
                        },
                        "tainted": false
                    },
                    "deposed": [],
                    "provider": "provider.aws"
                },
                "data.aws_availability_zones.available": {
                    "type": "aws_availability_zones",
                    "depends_on": [],
                    "primary": {
                        "id": "2018-10-12 10:54:15.604341084 +0000 UTC",
                        "attributes": {
                            "id": "2018-10-12 10:54:15.604341084 +0000 UTC",
                            "names.#": "6",
                            "names.0": "us-east-1a",
                            "names.1": "us-east-1b",
                            "names.2": "us-east-1c",
                            "names.3": "us-east-1d",
                            "names.4": "us-east-1e",
                            "names.5": "us-east-1f"
                        },
                        "meta": {},
                        "tainted": false
                    },
                    "deposed": [],
                    "provider": "provider.aws"
                }
            },
            "depends_on": []
        }
    ]
}
