{
    "version": 3,
    "terraform_version": "0.11.5",
    "serial": 6,
    "lineage": "59b5f940-ca3b-9d70-d090-931a1a61cc07",
    "modules": [
        {
            "path": [
                "root"
            ],
            "outputs": {},
            "resources": {},
            "depends_on": []
        },
        {
            "path": [
                "root",
                "compute"
            ],
            "outputs": {},
            "resources": {},
            "depends_on": []
        },
        {
            "path": [
                "root",
                "networking"
            ],
            "outputs": {
                "sg": {
                    "sensitive": false,
                    "type": "string",
                    "value": "sg-01402106b5dd1524d"
                },
                "subnet": {
                    "sensitive": false,
                    "type": "string",
                    "value": "subnet-065d097a19c769d0e"
                },
                "vpc": {
                    "sensitive": false,
                    "type": "string",
                    "value": "vpc-0a1e159cdf270fc61"
                }
            },
            "resources": {
                "aws_internet_gateway.gw": {
                    "type": "aws_internet_gateway",
                    "depends_on": [
                        "aws_vpc.dev_vpc"
                    ],
                    "primary": {
                        "id": "igw-07d3d354fc7417c4a",
                        "attributes": {
                            "id": "igw-07d3d354fc7417c4a",
                            "tags.%": "1",
                            "tags.Name": "dev-igw",
                            "vpc_id": "vpc-0a1e159cdf270fc61"
                        },
                        "meta": {},
                        "tainted": false
                    },
                    "deposed": [],
                    "provider": "provider.aws"
                },
                "aws_route_table.public-route": {
                    "type": "aws_route_table",
                    "depends_on": [
                        "aws_internet_gateway.gw",
                        "aws_vpc.dev_vpc"
                    ],
                    "primary": {
                        "id": "rtb-000d3d58e86b4e1d3",
                        "attributes": {
                            "id": "rtb-000d3d58e86b4e1d3",
                            "propagating_vgws.#": "0",
                            "route.#": "1",
                            "route.2185811070.cidr_block": "0.0.0.0/0",
                            "route.2185811070.egress_only_gateway_id": "",
                            "route.2185811070.gateway_id": "igw-07d3d354fc7417c4a",
                            "route.2185811070.instance_id": "",
                            "route.2185811070.ipv6_cidr_block": "",
                            "route.2185811070.nat_gateway_id": "",
                            "route.2185811070.network_interface_id": "",
                            "route.2185811070.vpc_peering_connection_id": "",
                            "tags.%": "1",
                            "tags.Name": "public-route",
                            "vpc_id": "vpc-0a1e159cdf270fc61"
                        },
                        "meta": {},
                        "tainted": false
                    },
                    "deposed": [],
                    "provider": "provider.aws"
                },
                "aws_route_table_association.public-route": {
                    "type": "aws_route_table_association",
                    "depends_on": [
                        "aws_route_table.public-route",
                        "aws_subnet.public-subnet"
                    ],
                    "primary": {
                        "id": "rtbassoc-0d587b48e0d72a9d1",
                        "attributes": {
                            "id": "rtbassoc-0d587b48e0d72a9d1",
                            "route_table_id": "rtb-000d3d58e86b4e1d3",
                            "subnet_id": "subnet-065d097a19c769d0e"
                        },
                        "meta": {},
                        "tainted": false
                    },
                    "deposed": [],
                    "provider": "provider.aws"
                },
                "aws_security_group.dev-sec": {
                    "type": "aws_security_group",
                    "depends_on": [
                        "aws_vpc.dev_vpc"
                    ],
                    "primary": {
                        "id": "sg-01402106b5dd1524d",
                        "attributes": {
                            "arn": "arn:aws:ec2:ap-south-1:491522414914:security-group/sg-01402106b5dd1524d",
                            "description": "Allow all inbound traffic",
                            "egress.#": "1",
                            "egress.482069346.cidr_blocks.#": "1",
                            "egress.482069346.cidr_blocks.0": "0.0.0.0/0",
                            "egress.482069346.description": "",
                            "egress.482069346.from_port": "0",
                            "egress.482069346.ipv6_cidr_blocks.#": "0",
                            "egress.482069346.prefix_list_ids.#": "0",
                            "egress.482069346.protocol": "-1",
                            "egress.482069346.security_groups.#": "0",
                            "egress.482069346.self": "false",
                            "egress.482069346.to_port": "0",
                            "id": "sg-01402106b5dd1524d",
                            "ingress.#": "2",
                            "ingress.2214680975.cidr_blocks.#": "1",
                            "ingress.2214680975.cidr_blocks.0": "0.0.0.0/0",
                            "ingress.2214680975.description": "",
                            "ingress.2214680975.from_port": "80",
                            "ingress.2214680975.ipv6_cidr_blocks.#": "0",
                            "ingress.2214680975.prefix_list_ids.#": "0",
                            "ingress.2214680975.protocol": "tcp",
                            "ingress.2214680975.security_groups.#": "0",
                            "ingress.2214680975.self": "false",
                            "ingress.2214680975.to_port": "80",
                            "ingress.2541437006.cidr_blocks.#": "1",
                            "ingress.2541437006.cidr_blocks.0": "0.0.0.0/0",
                            "ingress.2541437006.description": "",
                            "ingress.2541437006.from_port": "22",
                            "ingress.2541437006.ipv6_cidr_blocks.#": "0",
                            "ingress.2541437006.prefix_list_ids.#": "0",
                            "ingress.2541437006.protocol": "tcp",
                            "ingress.2541437006.security_groups.#": "0",
                            "ingress.2541437006.self": "false",
                            "ingress.2541437006.to_port": "22",
                            "name": "dev-sec",
                            "owner_id": "491522414914",
                            "revoke_rules_on_delete": "false",
                            "tags.%": "0",
                            "vpc_id": "vpc-0a1e159cdf270fc61"
                        },
                        "meta": {
                            "e2bfb730-ecaa-11e6-8f88-34363bc7c4c0": {
                                "create": 600000000000,
                                "delete": 600000000000
                            },
                            "schema_version": "1"
                        },
                        "tainted": false
                    },
                    "deposed": [],
                    "provider": "provider.aws"
                },
                "aws_subnet.public-subnet": {
                    "type": "aws_subnet",
                    "depends_on": [
                        "aws_vpc.dev_vpc"
                    ],
                    "primary": {
                        "id": "subnet-065d097a19c769d0e",
                        "attributes": {
                            "arn": "arn:aws:ec2:ap-south-1:491522414914:subnet/subnet-065d097a19c769d0e",
                            "assign_ipv6_address_on_creation": "false",
                            "availability_zone": "ap-south-1a",
                            "cidr_block": "10.0.1.0/24",
                            "id": "subnet-065d097a19c769d0e",
                            "map_public_ip_on_launch": "true",
                            "tags.%": "1",
                            "tags.Name": "public-cidr",
                            "vpc_id": "vpc-0a1e159cdf270fc61"
                        },
                        "meta": {
                            "e2bfb730-ecaa-11e6-8f88-34363bc7c4c0": {
                                "create": 600000000000,
                                "delete": 600000000000
                            },
                            "schema_version": "1"
                        },
                        "tainted": false
                    },
                    "deposed": [],
                    "provider": "provider.aws"
                },
                "aws_vpc.dev_vpc": {
                    "type": "aws_vpc",
                    "depends_on": [],
                    "primary": {
                        "id": "vpc-0a1e159cdf270fc61",
                        "attributes": {
                            "arn": "arn:aws:ec2:ap-south-1:491522414914:vpc/vpc-0a1e159cdf270fc61",
                            "assign_generated_ipv6_cidr_block": "false",
                            "cidr_block": "10.0.0.0/16",
                            "default_network_acl_id": "acl-09eeefbb446858be8",
                            "default_route_table_id": "rtb-06bc83dd420eb921d",
                            "default_security_group_id": "sg-0141d8a5069b7ce73",
                            "dhcp_options_id": "dopt-54ad9a3c",
                            "enable_dns_hostnames": "false",
                            "enable_dns_support": "true",
                            "id": "vpc-0a1e159cdf270fc61",
                            "instance_tenancy": "default",
                            "main_route_table_id": "rtb-06bc83dd420eb921d",
                            "tags.%": "1",
                            "tags.Name": "dev_vpc"
                        },
                        "meta": {
                            "schema_version": "1"
                        },
                        "tainted": false
                    },
                    "deposed": [],
                    "provider": "provider.aws"
                },
                "data.aws_availability_zones.available": {
                    "type": "aws_availability_zones",
                    "depends_on": [],
                    "primary": {
                        "id": "2018-10-10 11:40:50.938894861 +0000 UTC",
                        "attributes": {
                            "id": "2018-10-10 11:40:50.938894861 +0000 UTC",
                            "names.#": "2",
                            "names.0": "ap-south-1a",
                            "names.1": "ap-south-1b"
                        },
                        "meta": {},
                        "tainted": false
                    },
                    "deposed": [],
                    "provider": "provider.aws"
                }
            },
            "depends_on": []
        }
    ]
}
