{
    "version": 3,
    "terraform_version": "0.11.5",
    "serial": 4,
    "lineage": "d7330334-0803-8b47-1483-639e8392360e",
    "modules": [
        {
            "path": [
                "root"
            ],
            "outputs": {},
            "resources": {
                "aws_internet_gateway.gw": {
                    "type": "aws_internet_gateway",
                    "depends_on": [
                        "aws_vpc.dev_vpc"
                    ],
                    "primary": {
                        "id": "igw-00261168ab93cfd1b",
                        "attributes": {
                            "id": "igw-00261168ab93cfd1b",
                            "tags.%": "1",
                            "tags.Name": "dev-igw",
                            "vpc_id": "vpc-018f377b3d2eefad0"
                        },
                        "meta": {},
                        "tainted": false
                    },
                    "deposed": [],
                    "provider": "provider.aws"
                },
                "aws_route_table.public-route": {
                    "type": "aws_route_table",
                    "depends_on": [
                        "aws_internet_gateway.gw",
                        "aws_vpc.dev_vpc"
                    ],
                    "primary": {
                        "id": "rtb-0f96a67a3c57e3035",
                        "attributes": {
                            "id": "rtb-0f96a67a3c57e3035",
                            "propagating_vgws.#": "0",
                            "route.#": "1",
                            "route.4153549405.cidr_block": "0.0.0.0/0",
                            "route.4153549405.egress_only_gateway_id": "",
                            "route.4153549405.gateway_id": "igw-00261168ab93cfd1b",
                            "route.4153549405.instance_id": "",
                            "route.4153549405.ipv6_cidr_block": "",
                            "route.4153549405.nat_gateway_id": "",
                            "route.4153549405.network_interface_id": "",
                            "route.4153549405.vpc_peering_connection_id": "",
                            "tags.%": "1",
                            "tags.Name": "public-route",
                            "vpc_id": "vpc-018f377b3d2eefad0"
                        },
                        "meta": {},
                        "tainted": false
                    },
                    "deposed": [],
                    "provider": "provider.aws"
                },
                "aws_route_table_association.public-route": {
                    "type": "aws_route_table_association",
                    "depends_on": [
                        "aws_route_table.public-route",
                        "aws_subnet.public-subnet"
                    ],
                    "primary": {
                        "id": "rtbassoc-0d6d5c4ad0ca5c85d",
                        "attributes": {
                            "id": "rtbassoc-0d6d5c4ad0ca5c85d",
                            "route_table_id": "rtb-0f96a67a3c57e3035",
                            "subnet_id": "subnet-0d6f6cac06ba98823"
                        },
                        "meta": {},
                        "tainted": false
                    },
                    "deposed": [],
                    "provider": "provider.aws"
                },
                "aws_security_group.dev-sec": {
                    "type": "aws_security_group",
                    "depends_on": [
                        "aws_vpc.dev_vpc"
                    ],
                    "primary": {
                        "id": "sg-0f3c5868666007a11",
                        "attributes": {
                            "description": "Allow all inbound traffic",
                            "egress.#": "1",
                            "egress.482069346.cidr_blocks.#": "1",
                            "egress.482069346.cidr_blocks.0": "0.0.0.0/0",
                            "egress.482069346.description": "",
                            "egress.482069346.from_port": "0",
                            "egress.482069346.ipv6_cidr_blocks.#": "0",
                            "egress.482069346.prefix_list_ids.#": "0",
                            "egress.482069346.protocol": "-1",
                            "egress.482069346.security_groups.#": "0",
                            "egress.482069346.self": "false",
                            "egress.482069346.to_port": "0",
                            "id": "sg-0f3c5868666007a11",
                            "ingress.#": "1",
                            "ingress.1312576798.cidr_blocks.#": "1",
                            "ingress.1312576798.cidr_blocks.0": "10.0.1.0/24",
                            "ingress.1312576798.description": "",
                            "ingress.1312576798.from_port": "80",
                            "ingress.1312576798.ipv6_cidr_blocks.#": "0",
                            "ingress.1312576798.prefix_list_ids.#": "0",
                            "ingress.1312576798.protocol": "http",
                            "ingress.1312576798.security_groups.#": "0",
                            "ingress.1312576798.self": "false",
                            "ingress.1312576798.to_port": "80",
                            "name": "dev-sec",
                            "revoke_rules_on_delete": "false",
                            "vpc_id": "vpc-018f377b3d2eefad0"
                        },
                        "meta": {
                            "e2bfb730-ecaa-11e6-8f88-34363bc7c4c0": {
                                "create": 600000000000,
                                "delete": 600000000000
                            },
                            "schema_version": "1"
                        },
                        "tainted": false
                    },
                    "deposed": [],
                    "provider": "provider.aws"
                },
                "aws_subnet.public-subnet": {
                    "type": "aws_subnet",
                    "depends_on": [
                        "aws_vpc.dev_vpc"
                    ],
                    "primary": {
                        "id": "subnet-0d6f6cac06ba98823",
                        "attributes": {
                            "arn": "arn:aws:ec2:ap-south-1:491522414914:subnet/subnet-0d6f6cac06ba98823",
                            "assign_ipv6_address_on_creation": "false",
                            "availability_zone": "ap-south-1a",
                            "cidr_block": "10.0.1.0/24",
                            "id": "subnet-0d6f6cac06ba98823",
                            "map_public_ip_on_launch": "false",
                            "tags.%": "1",
                            "tags.Name": "public-cidr",
                            "vpc_id": "vpc-018f377b3d2eefad0"
                        },
                        "meta": {
                            "e2bfb730-ecaa-11e6-8f88-34363bc7c4c0": {
                                "create": 600000000000,
                                "delete": 600000000000
                            },
                            "schema_version": "1"
                        },
                        "tainted": false
                    },
                    "deposed": [],
                    "provider": "provider.aws"
                },
                "aws_vpc.dev_vpc": {
                    "type": "aws_vpc",
                    "depends_on": [],
                    "primary": {
                        "id": "vpc-018f377b3d2eefad0",
                        "attributes": {
                            "arn": "arn:aws:ec2:ap-south-1:491522414914:vpc/vpc-018f377b3d2eefad0",
                            "assign_generated_ipv6_cidr_block": "false",
                            "cidr_block": "10.0.0.0/16",
                            "default_network_acl_id": "acl-032106347333c76c7",
                            "default_route_table_id": "rtb-0d9b80b20684a5a80",
                            "default_security_group_id": "sg-087295ef694cc1a64",
                            "dhcp_options_id": "dopt-54ad9a3c",
                            "enable_dns_hostnames": "false",
                            "enable_dns_support": "true",
                            "id": "vpc-018f377b3d2eefad0",
                            "instance_tenancy": "default",
                            "main_route_table_id": "rtb-0d9b80b20684a5a80",
                            "tags.%": "1",
                            "tags.Name": "dev_vpc"
                        },
                        "meta": {
                            "schema_version": "1"
                        },
                        "tainted": false
                    },
                    "deposed": [],
                    "provider": "provider.aws"
                }
            },
            "depends_on": []
        }
    ]
}
